
Microsoft Visual Studio Solution File, Format Version 12.00
# Visual Studio Version 17
VisualStudioVersion = 17.9.34728.123
MinimumVisualStudioVersion = 10.0.40219.1
Project("{FAE04EC0-301F-11D3-BF4B-00C04F79EFBC}") = "AssemblyCSharpPreprocessor", "AssemblyCSharpPreprocessor.csproj", "{87C9C61E-21B3-4EA9-84C5-699694A6EB5A}"
EndProject
Global
	GlobalSection(SolutionConfigurationPlatforms) = preSolution
		Debug|Any CPU = Debug|Any CPU
		Release|Any CPU = Release|Any CPU
	EndGlobalSection
	GlobalSection(ProjectConfigurationPlatforms) = postSolution
		{87C9C61E-21B3-4EA9-84C5-699694A6EB5A}.Debug|Any CPU.ActiveCfg = Debug|Any CPU
		{87C9C61E-21B3-4EA9-84C5-699694A6EB5A}.Debug|Any CPU.Build.0 = Debug|Any CPU
		{87C9C61E-21B3-4EA9-84C5-699694A6EB5A}.Release|Any CPU.ActiveCfg = Release|Any CPU
		{87C9C61E-21B3-4EA9-84C5-699694A6EB5A}.Release|Any CPU.Build.0 = Release|Any CPU
	EndGlobalSection
	GlobalSection(SolutionProperties) = preSolution
		HideSolutionNode = FALSE
	EndGlobalSection
	GlobalSection(ExtensibilityGlobals) = postSolution
		SolutionGuid = {EC6E1385-01ED-4666-87C9-4A8E0350DAFE}
	EndGlobalSection
EndGlobal
