
Microsoft Visual Studio Solution File, Format Version 12.00
# Visual Studio Version 17
VisualStudioVersion = 17.2.32526.322
MinimumVisualStudioVersion = 10.0.40219.1
Project("{9A19103F-16F7-4668-BE54-9A1E7A4F7556}") = "AssemblyCSharp", "AssemblyCSharp\AssemblyCSharp.csproj", "{3A053238-20BE-4424-9B4B-FBBE5BEB8087}"
EndProject
Global
	GlobalSection(SolutionConfigurationPlatforms) = preSolution
		Debug|Any CPU = Debug|Any CPU
		Release|Any CPU = Release|Any CPU
	EndGlobalSection
	GlobalSection(ProjectConfigurationPlatforms) = postSolution
		{3A053238-20BE-4424-9B4B-FBBE5BEB8087}.Debug|Any CPU.ActiveCfg = Debug|Any CPU
		{3A053238-20BE-4424-9B4B-FBBE5BEB8087}.Debug|Any CPU.Build.0 = Debug|Any CPU
		{3A053238-20BE-4424-9B4B-FBBE5BEB8087}.Release|Any CPU.ActiveCfg = Release|Any CPU
		{3A053238-20BE-4424-9B4B-FBBE5BEB8087}.Release|Any CPU.Build.0 = Release|Any CPU
	EndGlobalSection
	GlobalSection(SolutionProperties) = preSolution
		HideSolutionNode = FALSE
	EndGlobalSection
	GlobalSection(ExtensibilityGlobals) = postSolution
		SolutionGuid = {627482B9-7AC6-4F20-8A84-3B984EE27BD2}
	EndGlobalSection
EndGlobal
